
Microsoft Visual Studio Solution File, Format Version 12.00
# Visual Studio Version 16
VisualStudioVersion = 16.0.30709.132
MinimumVisualStudioVersion = 10.0.40219.1
Project("{FAE04EC0-301F-11D3-BF4B-00C04F79EFBC}") = "HRS", "HRS\HRS.csproj", "{148B9796-CE03-46F5-81A7-92914739C657}"
EndProject
Global
	GlobalSection(SolutionConfigurationPlatforms) = preSolution
		Debug|Any CPU = Debug|Any CPU
		Release|Any CPU = Release|Any CPU
	EndGlobalSection
	GlobalSection(ProjectConfigurationPlatforms) = postSolution
		{148B9796-CE03-46F5-81A7-92914739C657}.Debug|Any CPU.ActiveCfg = Debug|Any CPU
		{148B9796-CE03-46F5-81A7-92914739C657}.Debug|Any CPU.Build.0 = Debug|Any CPU
		{148B9796-CE03-46F5-81A7-92914739C657}.Release|Any CPU.ActiveCfg = Release|Any CPU
		{148B9796-CE03-46F5-81A7-92914739C657}.Release|Any CPU.Build.0 = Release|Any CPU
	EndGlobalSection
	GlobalSection(SolutionProperties) = preSolution
		HideSolutionNode = FALSE
	EndGlobalSection
	GlobalSection(ExtensibilityGlobals) = postSolution
		SolutionGuid = {83171948-34B0-4E0F-BFA1-D2EA3DF19601}
	EndGlobalSection
EndGlobal
